{
  "name": "modern-css-reset",
  "version": "1.4.0",
  "lockfileVersion": 2,
  "requires": true,
  "packages": {
    "": {
      "name": "modern-css-reset",
      "version": "1.4.0",
      "license": "MIT",
      "dependencies": {
        "lightningcss-cli": "^1.15.1"
      }
    },
    "node_modules/detect-libc": {
      "version": "1.0.3",
      "resolved": "https://registry.npmjs.org/detect-libc/-/detect-libc-1.0.3.tgz",
      "integrity": "sha512-pGjwhsmsp4kL2RTz08wcOlGN83otlqHeD/Z5T8GXZB+/YcpQ/dgo+lbU8ZsGxV0HIvqqxo9l7mqYwyYMD9bKDg==",
      "bin": {
        "detect-libc": "bin/detect-libc.js"
      },
      "engines": {
        "node": ">=0.10"
      }
    },
    "node_modules/lightningcss-cli": {
      "version": "1.15.1",
      "resolved": "https://registry.npmjs.org/lightningcss-cli/-/lightningcss-cli-1.15.1.tgz",
      "integrity": "sha512-rSHBcgO1IJz7aANmCw3wgiTPRvzUUNFF9w0UuUill2gD1tfVHJn9uDH0aokmflX+vBFApH+os0nqHt5w2R1tBA==",
      "hasInstallScript": true,
      "dependencies": {
        "detect-libc": "^1.0.3"
      },
      "bin": {
        "lightningcss": "lightningcss"
      },
      "engines": {
        "node": ">= 12.0.0"
      },
      "funding": {
        "type": "opencollective",
        "url": "https://opencollective.com/parcel"
      },
      "optionalDependencies": {
        "lightningcss-cli-darwin-arm64": "1.15.1",
        "lightningcss-cli-darwin-x64": "1.15.1",
        "lightningcss-cli-linux-arm-gnueabihf": "1.15.1",
        "lightningcss-cli-linux-arm64-gnu": "1.15.1",
        "lightningcss-cli-linux-arm64-musl": "1.15.1",
        "lightningcss-cli-linux-x64-gnu": "1.15.1",
        "lightningcss-cli-linux-x64-musl": "1.15.1",
        "lightningcss-cli-win32-x64-msvc": "1.15.1"
      }
    },
    "node_modules/lightningcss-cli-darwin-arm64": {
      "version": "1.15.1",
      "resolved": "https://registry.npmjs.org/lightningcss-cli-darwin-arm64/-/lightningcss-cli-darwin-arm64-1.15.1.tgz",
      "integrity": "sha512-HCxMpD9P2cgSej1uJeLslTibeIxgwMUblS/i5VnfMprKJQ7SbtaWg/CjOkWfS3Q6X0jz4MY4zj1Xiv2RngyHnA==",
      "cpu": [
        "arm64"
      ],
      "optional": true,
      "os": [
        "darwin"
      ],
      "engines": {
        "node": ">= 12.0.0"
      },
      "funding": {
        "type": "opencollective",
        "url": "https://opencollective.com/parcel"
      }
    },
    "node_modules/lightningcss-cli-darwin-x64": {
      "version": "1.15.1",
      "resolved": "https://registry.npmjs.org/lightningcss-cli-darwin-x64/-/lightningcss-cli-darwin-x64-1.15.1.tgz",
      "integrity": "sha512-8kbmq1F7X8TfMhT5MyqObEfOcAfggeqAXUIB6UEjM0ZPWlAR9G+2+CzJPKb46DjvSCBCCJnevKaXUI1i55CAjg==",
      "cpu": [
        "x64"
      ],
      "optional": true,
      "os": [
        "darwin"
      ],
      "engines": {
        "node": ">= 12.0.0"
      },
      "funding": {
        "type": "opencollective",
        "url": "https://opencollective.com/parcel"
      }
    },
    "node_modules/lightningcss-cli-linux-arm-gnueabihf": {
      "version": "1.15.1",
      "resolved": "https://registry.npmjs.org/lightningcss-cli-linux-arm-gnueabihf/-/lightningcss-cli-linux-arm-gnueabihf-1.15.1.tgz",
      "integrity": "sha512-F3W1oia0PQGuq1WjmCeKDWKlC2oaQxphex6UKTeeA/qIEL4JKiFzL2XWOSg9qV2E0Pys9s2PBLaci3qxRKZbcw==",
      "cpu": [
        "arm"
      ],
      "optional": true,
      "os": [
        "linux"
      ],
      "engines": {
        "node": ">= 12.0.0"
      },
      "funding": {
        "type": "opencollective",
        "url": "https://opencollective.com/parcel"
      }
    },
    "node_modules/lightningcss-cli-linux-arm64-gnu": {
      "version": "1.15.1",
      "resolved": "https://registry.npmjs.org/lightningcss-cli-linux-arm64-gnu/-/lightningcss-cli-linux-arm64-gnu-1.15.1.tgz",
      "integrity": "sha512-b8hKxfzeJnm1Zap8QWByHAK5FbkxSab9KJaWPXZ42/x+pg3VwE4R8g95BPOQdRy+8Z/RFMTH2XZisbtg/bSRVA==",
      "cpu": [
        "arm64"
      ],
      "optional": true,
      "os": [
        "linux"
      ],
      "engines": {
        "node": ">= 12.0.0"
      },
      "funding": {
        "type": "opencollective",
        "url": "https://opencollective.com/parcel"
      }
    },
    "node_modules/lightningcss-cli-linux-arm64-musl": {
      "version": "1.15.1",
      "resolved": "https://registry.npmjs.org/lightningcss-cli-linux-arm64-musl/-/lightningcss-cli-linux-arm64-musl-1.15.1.tgz",
      "integrity": "sha512-ATAFEviCEHMfXw5Kf25ywuyBKu9OiCTLHzeavWWHmjtr/Lp4ql9hVyOBZobJP8u/jVaE8JYHW/6mXricrlzmYg==",
      "cpu": [
        "arm64"
      ],
      "optional": true,
      "os": [
        "linux"
      ],
      "engines": {
        "node": ">= 12.0.0"
      },
      "funding": {
        "type": "opencollective",
        "url": "https://opencollective.com/parcel"
      }
    },
    "node_modules/lightningcss-cli-linux-x64-gnu": {
      "version": "1.15.1",
      "resolved": "https://registry.npmjs.org/lightningcss-cli-linux-x64-gnu/-/lightningcss-cli-linux-x64-gnu-1.15.1.tgz",
      "integrity": "sha512-oSmCqup10VF2rfu8SZ3SZvmHhfB0IsURBKmgIoPeRfbLWCgVSv2Qm9HPExXExnLSl+z8w1ZYxNKh9lGHaRMzgg==",
      "cpu": [
        "x64"
      ],
      "optional": true,
      "os": [
        "linux"
      ],
      "engines": {
        "node": ">= 12.0.0"
      },
      "funding": {
        "type": "opencollective",
        "url": "https://opencollective.com/parcel"
      }
    },
    "node_modules/lightningcss-cli-linux-x64-musl": {
      "version": "1.15.1",
      "resolved": "https://registry.npmjs.org/lightningcss-cli-linux-x64-musl/-/lightningcss-cli-linux-x64-musl-1.15.1.tgz",
      "integrity": "sha512-4bfIPf6hJi0NNdBB65CO7HQcN/u1XNCwzT6W4x2xZa0EzfpBWuDb7tf7F0OpA4evolUbDnTJU4lLn2k6by+FxA==",
      "cpu": [
        "x64"
      ],
      "optional": true,
      "os": [
        "linux"
      ],
      "engines": {
        "node": ">= 12.0.0"
      },
      "funding": {
        "type": "opencollective",
        "url": "https://opencollective.com/parcel"
      }
    },
    "node_modules/lightningcss-cli-win32-x64-msvc": {
      "version": "1.15.1",
      "resolved": "https://registry.npmjs.org/lightningcss-cli-win32-x64-msvc/-/lightningcss-cli-win32-x64-msvc-1.15.1.tgz",
      "integrity": "sha512-ljwJl8EaIY3+nB5l261+BAnkRIXL4fMOjR/J9uwcVetGX9voxGZGLRig16F8IOn6kMA9t+hcXHGF7HyQFJrrUA==",
      "cpu": [
        "x64"
      ],
      "optional": true,
      "os": [
        "win32"
      ],
      "engines": {
        "node": ">= 12.0.0"
      },
      "funding": {
        "type": "opencollective",
        "url": "https://opencollective.com/parcel"
      }
    }
  },
  "dependencies": {
    "detect-libc": {
      "version": "1.0.3",
      "resolved": "https://registry.npmjs.org/detect-libc/-/detect-libc-1.0.3.tgz",
      "integrity": "sha512-pGjwhsmsp4kL2RTz08wcOlGN83otlqHeD/Z5T8GXZB+/YcpQ/dgo+lbU8ZsGxV0HIvqqxo9l7mqYwyYMD9bKDg=="
    },
    "lightningcss-cli": {
      "version": "1.15.1",
      "resolved": "https://registry.npmjs.org/lightningcss-cli/-/lightningcss-cli-1.15.1.tgz",
      "integrity": "sha512-rSHBcgO1IJz7aANmCw3wgiTPRvzUUNFF9w0UuUill2gD1tfVHJn9uDH0aokmflX+vBFApH+os0nqHt5w2R1tBA==",
      "requires": {
        "detect-libc": "^1.0.3",
        "lightningcss-cli-darwin-arm64": "1.15.1",
        "lightningcss-cli-darwin-x64": "1.15.1",
        "lightningcss-cli-linux-arm-gnueabihf": "1.15.1",
        "lightningcss-cli-linux-arm64-gnu": "1.15.1",
        "lightningcss-cli-linux-arm64-musl": "1.15.1",
        "lightningcss-cli-linux-x64-gnu": "1.15.1",
        "lightningcss-cli-linux-x64-musl": "1.15.1",
        "lightningcss-cli-win32-x64-msvc": "1.15.1"
      }
    },
    "lightningcss-cli-darwin-arm64": {
      "version": "1.15.1",
      "resolved": "https://registry.npmjs.org/lightningcss-cli-darwin-arm64/-/lightningcss-cli-darwin-arm64-1.15.1.tgz",
      "integrity": "sha512-HCxMpD9P2cgSej1uJeLslTibeIxgwMUblS/i5VnfMprKJQ7SbtaWg/CjOkWfS3Q6X0jz4MY4zj1Xiv2RngyHnA==",
      "optional": true
    },
    "lightningcss-cli-darwin-x64": {
      "version": "1.15.1",
      "resolved": "https://registry.npmjs.org/lightningcss-cli-darwin-x64/-/lightningcss-cli-darwin-x64-1.15.1.tgz",
      "integrity": "sha512-8kbmq1F7X8TfMhT5MyqObEfOcAfggeqAXUIB6UEjM0ZPWlAR9G+2+CzJPKb46DjvSCBCCJnevKaXUI1i55CAjg==",
      "optional": true
    },
    "lightningcss-cli-linux-arm-gnueabihf": {
      "version": "1.15.1",
      "resolved": "https://registry.npmjs.org/lightningcss-cli-linux-arm-gnueabihf/-/lightningcss-cli-linux-arm-gnueabihf-1.15.1.tgz",
      "integrity": "sha512-F3W1oia0PQGuq1WjmCeKDWKlC2oaQxphex6UKTeeA/qIEL4JKiFzL2XWOSg9qV2E0Pys9s2PBLaci3qxRKZbcw==",
      "optional": true
    },
    "lightningcss-cli-linux-arm64-gnu": {
      "version": "1.15.1",
      "resolved": "https://registry.npmjs.org/lightningcss-cli-linux-arm64-gnu/-/lightningcss-cli-linux-arm64-gnu-1.15.1.tgz",
      "integrity": "sha512-b8hKxfzeJnm1Zap8QWByHAK5FbkxSab9KJaWPXZ42/x+pg3VwE4R8g95BPOQdRy+8Z/RFMTH2XZisbtg/bSRVA==",
      "optional": true
    },
    "lightningcss-cli-linux-arm64-musl": {
      "version": "1.15.1",
      "resolved": "https://registry.npmjs.org/lightningcss-cli-linux-arm64-musl/-/lightningcss-cli-linux-arm64-musl-1.15.1.tgz",
      "integrity": "sha512-ATAFEviCEHMfXw5Kf25ywuyBKu9OiCTLHzeavWWHmjtr/Lp4ql9hVyOBZobJP8u/jVaE8JYHW/6mXricrlzmYg==",
      "optional": true
    },
    "lightningcss-cli-linux-x64-gnu": {
      "version": "1.15.1",
      "resolved": "https://registry.npmjs.org/lightningcss-cli-linux-x64-gnu/-/lightningcss-cli-linux-x64-gnu-1.15.1.tgz",
      "integrity": "sha512-oSmCqup10VF2rfu8SZ3SZvmHhfB0IsURBKmgIoPeRfbLWCgVSv2Qm9HPExXExnLSl+z8w1ZYxNKh9lGHaRMzgg==",
      "optional": true
    },
    "lightningcss-cli-linux-x64-musl": {
      "version": "1.15.1",
      "resolved": "https://registry.npmjs.org/lightningcss-cli-linux-x64-musl/-/lightningcss-cli-linux-x64-musl-1.15.1.tgz",
      "integrity": "sha512-4bfIPf6hJi0NNdBB65CO7HQcN/u1XNCwzT6W4x2xZa0EzfpBWuDb7tf7F0OpA4evolUbDnTJU4lLn2k6by+FxA==",
      "optional": true
    },
    "lightningcss-cli-win32-x64-msvc": {
      "version": "1.15.1",
      "resolved": "https://registry.npmjs.org/lightningcss-cli-win32-x64-msvc/-/lightningcss-cli-win32-x64-msvc-1.15.1.tgz",
      "integrity": "sha512-ljwJl8EaIY3+nB5l261+BAnkRIXL4fMOjR/J9uwcVetGX9voxGZGLRig16F8IOn6kMA9t+hcXHGF7HyQFJrrUA==",
      "optional": true
    }
  }
}
