{
  "name": "modern-css-reset",
  "version": "1.4.0",
  "lockfileVersion": 1,
  "requires": true,
  "dependencies": {
    "uglifycss": {
      "version": "0.0.29",
      "resolved": "https://registry.npmjs.org/uglifycss/-/uglifycss-0.0.29.tgz",
      "integrity": "sha512-J2SQ2QLjiknNGbNdScaNZsXgmMGI0kYNrXaDlr4obnPW9ni1jljb1NeEVWAiTgZ8z+EBWP2ozfT9vpy03rjlMQ==",
      "dev": true
    }
  }
}
